
Microsoft Visual Studio Solution File, Format Version 12.00
# Visual Studio Version 17
VisualStudioVersion = 17.9.34723.18
MinimumVisualStudioVersion = 10.0.40219.1
Project("{9A19103F-16F7-4668-BE54-9A1E7A4F7556}") = "Customers", "Customers.csproj", "{45394AD6-3BB9-4504-9286-9E4B66D538B9}"
EndProject
Global
	GlobalSection(SolutionConfigurationPlatforms) = preSolution
		Debug|Any CPU = Debug|Any CPU
		Release|Any CPU = Release|Any CPU
	EndGlobalSection
	GlobalSection(ProjectConfigurationPlatforms) = postSolution
		{45394AD6-3BB9-4504-9286-9E4B66D538B9}.Debug|Any CPU.ActiveCfg = Debug|Any CPU
		{45394AD6-3BB9-4504-9286-9E4B66D538B9}.Debug|Any CPU.Build.0 = Debug|Any CPU
		{45394AD6-3BB9-4504-9286-9E4B66D538B9}.Release|Any CPU.ActiveCfg = Release|Any CPU
		{45394AD6-3BB9-4504-9286-9E4B66D538B9}.Release|Any CPU.Build.0 = Release|Any CPU
	EndGlobalSection
	GlobalSection(SolutionProperties) = preSolution
		HideSolutionNode = FALSE
	EndGlobalSection
	GlobalSection(ExtensibilityGlobals) = postSolution
		SolutionGuid = {E127C86D-1359-4B3F-9881-9C0861E2A37F}
	EndGlobalSection
EndGlobal
